
Microsoft Visual Studio Solution File, Format Version 12.00
# Visual Studio Version 17
VisualStudioVersion = 17.11.35327.3
MinimumVisualStudioVersion = 10.0.40219.1
Project("{9A19103F-16F7-4668-BE54-9A1E7A4F7556}") = "Stage0", "Stage0\Stage0.csproj", "{908D6DE6-A942-4246-A2DC-55C32BC80D4E}"
EndProject
Project("{2150E333-8FDC-42A3-9474-1A3956D46DE8}") = "Solution Items", "Solution Items", "{B3D6DEB9-9843-4FBB-874C-F1491ABA3A11}"
	ProjectSection(SolutionItems) = preProject
		README.md = README.md
	EndProjectSection
EndProject
Project("{9A19103F-16F7-4668-BE54-9A1E7A4F7556}") = "DalFacade", "DalFacade\DalFacade.csproj", "{5DA79EE9-4BED-49AF-9EB7-60CA762461E5}"
EndProject
Project("{9A19103F-16F7-4668-BE54-9A1E7A4F7556}") = "DalList", "DalList\DalList.csproj", "{80F24D69-C959-445C-847A-BC08C98766AC}"
EndProject
Project("{9A19103F-16F7-4668-BE54-9A1E7A4F7556}") = "DalTest", "DaleTest\DalTest.csproj", "{1B8615E6-BBC1-4A22-86B4-DA25C2F903A9}"
EndProject
Project("{FAE04EC0-301F-11D3-BF4B-00C04F79EFBC}") = "DalXml", "DalXml\DalXml.csproj", "{15A92358-2A66-4365-A412-515428B6F614}"
EndProject
Project("{2150E333-8FDC-42A3-9474-1A3956D46DE8}") = "xml", "xml", "{F7D4812B-BB67-43C2-A062-D322CE5F1359}"
	ProjectSection(SolutionItems) = preProject
		xml\data-config.xml = xml\data-config.xml
		xml\assignments.xml = xml\assignments.xml
		xml\volunteers.xml = xml\volunteers.xml
	EndProjectSection
EndProject
Global
	GlobalSection(SolutionConfigurationPlatforms) = preSolution
		Debug|Any CPU = Debug|Any CPU
		Release|Any CPU = Release|Any CPU
	EndGlobalSection
	GlobalSection(ProjectConfigurationPlatforms) = postSolution
		{908D6DE6-A942-4246-A2DC-55C32BC80D4E}.Debug|Any CPU.ActiveCfg = Debug|Any CPU
		{908D6DE6-A942-4246-A2DC-55C32BC80D4E}.Debug|Any CPU.Build.0 = Debug|Any CPU
		{908D6DE6-A942-4246-A2DC-55C32BC80D4E}.Release|Any CPU.ActiveCfg = Release|Any CPU
		{908D6DE6-A942-4246-A2DC-55C32BC80D4E}.Release|Any CPU.Build.0 = Release|Any CPU
		{5DA79EE9-4BED-49AF-9EB7-60CA762461E5}.Debug|Any CPU.ActiveCfg = Debug|Any CPU
		{5DA79EE9-4BED-49AF-9EB7-60CA762461E5}.Debug|Any CPU.Build.0 = Debug|Any CPU
		{5DA79EE9-4BED-49AF-9EB7-60CA762461E5}.Release|Any CPU.ActiveCfg = Release|Any CPU
		{5DA79EE9-4BED-49AF-9EB7-60CA762461E5}.Release|Any CPU.Build.0 = Release|Any CPU
		{80F24D69-C959-445C-847A-BC08C98766AC}.Debug|Any CPU.ActiveCfg = Debug|Any CPU
		{80F24D69-C959-445C-847A-BC08C98766AC}.Debug|Any CPU.Build.0 = Debug|Any CPU
		{80F24D69-C959-445C-847A-BC08C98766AC}.Release|Any CPU.ActiveCfg = Release|Any CPU
		{80F24D69-C959-445C-847A-BC08C98766AC}.Release|Any CPU.Build.0 = Release|Any CPU
		{1B8615E6-BBC1-4A22-86B4-DA25C2F903A9}.Debug|Any CPU.ActiveCfg = Debug|Any CPU
		{1B8615E6-BBC1-4A22-86B4-DA25C2F903A9}.Debug|Any CPU.Build.0 = Debug|Any CPU
		{1B8615E6-BBC1-4A22-86B4-DA25C2F903A9}.Release|Any CPU.ActiveCfg = Release|Any CPU
		{1B8615E6-BBC1-4A22-86B4-DA25C2F903A9}.Release|Any CPU.Build.0 = Release|Any CPU
		{15A92358-2A66-4365-A412-515428B6F614}.Debug|Any CPU.ActiveCfg = Debug|Any CPU
		{15A92358-2A66-4365-A412-515428B6F614}.Debug|Any CPU.Build.0 = Debug|Any CPU
		{15A92358-2A66-4365-A412-515428B6F614}.Release|Any CPU.ActiveCfg = Release|Any CPU
		{15A92358-2A66-4365-A412-515428B6F614}.Release|Any CPU.Build.0 = Release|Any CPU
	EndGlobalSection
	GlobalSection(SolutionProperties) = preSolution
		HideSolutionNode = FALSE
	EndGlobalSection
	GlobalSection(ExtensibilityGlobals) = postSolution
		SolutionGuid = {91DB41A2-7E50-49B1-99E8-71C0BF83470E}
	EndGlobalSection
EndGlobal
